github.com/aquilax/go-perlin v1.1.0 h1:Gg+3jQ24wT4Y5GI7TCRLmYarzUG0k+n/JATFqOimb7s=
github.com/aquilax/go-perlin v1.1.0/go.mod h1:z9Rl7EM4BZY0Ikp2fEN1I5mKSOJ26HQpk0O2TBdN2HE=
github.com/google/uuid v1.3.0 h1:t6JiXgmwXMjEs8VusXIJk2BXHsn+wx8BZdTaoZ5fu7I=
github.com/google/uuid v1.3.0/go.mod h1:TIyPZe4MgqvfeYDBFedMoGGpEw/LqOeaOT+nhxU+yHo=
